
Microsoft Visual Studio Solution File, Format Version 12.00
# Visual Studio Version 17
VisualStudioVersion = 17.9.34723.18
MinimumVisualStudioVersion = 10.0.40219.1
Project("{9A19103F-16F7-4668-BE54-9A1E7A4F7556}") = "PracticeWeb", "PracticeWeb\PracticeWeb.csproj", "{6D08CCF7-29FA-4DD8-8FCE-B8190D302B96}"
EndProject
Project("{FAE04EC0-301F-11D3-BF4B-00C04F79EFBC}") = "Practice.DataAccess", "Practice.DataAccess\Practice.DataAccess.csproj", "{2DFF5486-539B-4AAD-8B36-92974C8F3F56}"
EndProject
Project("{FAE04EC0-301F-11D3-BF4B-00C04F79EFBC}") = "Practice.Models", "Practice.Models\Practice.Models.csproj", "{EF899733-7284-4801-BD71-730CEAF5EABD}"
EndProject
Project("{FAE04EC0-301F-11D3-BF4B-00C04F79EFBC}") = "Practice.Utility", "Practice.Utility\Practice.Utility.csproj", "{B2378219-7F3A-48A9-865F-A731182A42F9}"
EndProject
Global
	GlobalSection(SolutionConfigurationPlatforms) = preSolution
		Debug|Any CPU = Debug|Any CPU
		Release|Any CPU = Release|Any CPU
	EndGlobalSection
	GlobalSection(ProjectConfigurationPlatforms) = postSolution
		{6D08CCF7-29FA-4DD8-8FCE-B8190D302B96}.Debug|Any CPU.ActiveCfg = Debug|Any CPU
		{6D08CCF7-29FA-4DD8-8FCE-B8190D302B96}.Debug|Any CPU.Build.0 = Debug|Any CPU
		{6D08CCF7-29FA-4DD8-8FCE-B8190D302B96}.Release|Any CPU.ActiveCfg = Release|Any CPU
		{6D08CCF7-29FA-4DD8-8FCE-B8190D302B96}.Release|Any CPU.Build.0 = Release|Any CPU
		{2DFF5486-539B-4AAD-8B36-92974C8F3F56}.Debug|Any CPU.ActiveCfg = Debug|Any CPU
		{2DFF5486-539B-4AAD-8B36-92974C8F3F56}.Debug|Any CPU.Build.0 = Debug|Any CPU
		{2DFF5486-539B-4AAD-8B36-92974C8F3F56}.Release|Any CPU.ActiveCfg = Release|Any CPU
		{2DFF5486-539B-4AAD-8B36-92974C8F3F56}.Release|Any CPU.Build.0 = Release|Any CPU
		{EF899733-7284-4801-BD71-730CEAF5EABD}.Debug|Any CPU.ActiveCfg = Debug|Any CPU
		{EF899733-7284-4801-BD71-730CEAF5EABD}.Debug|Any CPU.Build.0 = Debug|Any CPU
		{EF899733-7284-4801-BD71-730CEAF5EABD}.Release|Any CPU.ActiveCfg = Release|Any CPU
		{EF899733-7284-4801-BD71-730CEAF5EABD}.Release|Any CPU.Build.0 = Release|Any CPU
		{B2378219-7F3A-48A9-865F-A731182A42F9}.Debug|Any CPU.ActiveCfg = Debug|Any CPU
		{B2378219-7F3A-48A9-865F-A731182A42F9}.Debug|Any CPU.Build.0 = Debug|Any CPU
		{B2378219-7F3A-48A9-865F-A731182A42F9}.Release|Any CPU.ActiveCfg = Release|Any CPU
		{B2378219-7F3A-48A9-865F-A731182A42F9}.Release|Any CPU.Build.0 = Release|Any CPU
	EndGlobalSection
	GlobalSection(SolutionProperties) = preSolution
		HideSolutionNode = FALSE
	EndGlobalSection
	GlobalSection(ExtensibilityGlobals) = postSolution
		SolutionGuid = {96375FC0-739E-4FDB-9E1F-B4F647A73D66}
	EndGlobalSection
EndGlobal
